
Microsoft Visual Studio Solution File, Format Version 12.00
# Visual Studio Version 17
VisualStudioVersion = 17.10.35027.167
MinimumVisualStudioVersion = 10.0.40219.1
Project("{FAE04EC0-301F-11D3-BF4B-00C04F79EFBC}") = "rashiIT.class", "rashiIT.class\rashiIT.class.csproj", "{FBB80026-C2DB-4C06-9F24-8DC46A6DB4EF}"
EndProject
Global
	GlobalSection(SolutionConfigurationPlatforms) = preSolution
		Debug|Any CPU = Debug|Any CPU
		Release|Any CPU = Release|Any CPU
	EndGlobalSection
	GlobalSection(ProjectConfigurationPlatforms) = postSolution
		{FBB80026-C2DB-4C06-9F24-8DC46A6DB4EF}.Debug|Any CPU.ActiveCfg = Debug|Any CPU
		{FBB80026-C2DB-4C06-9F24-8DC46A6DB4EF}.Debug|Any CPU.Build.0 = Debug|Any CPU
		{FBB80026-C2DB-4C06-9F24-8DC46A6DB4EF}.Release|Any CPU.ActiveCfg = Release|Any CPU
		{FBB80026-C2DB-4C06-9F24-8DC46A6DB4EF}.Release|Any CPU.Build.0 = Release|Any CPU
	EndGlobalSection
	GlobalSection(SolutionProperties) = preSolution
		HideSolutionNode = FALSE
	EndGlobalSection
	GlobalSection(ExtensibilityGlobals) = postSolution
		SolutionGuid = {B4A8AAF6-C7B0-422F-BC1F-4FC12BB616B8}
	EndGlobalSection
EndGlobal
